
Microsoft Visual Studio Solution File, Format Version 12.00
# Visual Studio 14
VisualStudioVersion = 14.0.25420.1
MinimumVisualStudioVersion = 10.0.40219.1
Project("{8BB2217D-0F2D-49D1-97BC-3654ED321F3B}") = "DayPrinter", "DayPrinter\DayPrinter.xproj", "{B3E76AAA-3BE8-49C7-A831-64EF68C6F28D}"
EndProject
Project("{8BB2217D-0F2D-49D1-97BC-3654ED321F3B}") = "ElseIf", "ElseIf\ElseIf.xproj", "{C7008ACC-EE4B-49CC-B7FB-5F9F95E257A9}"
EndProject
Project("{8BB2217D-0F2D-49D1-97BC-3654ED321F3B}") = "TempConv", "TempConv\TempConv.xproj", "{6D18F93D-E26F-4FF4-ABF2-1450FD9FB19D}"
EndProject
Project("{8BB2217D-0F2D-49D1-97BC-3654ED321F3B}") = "HelloMethods", "HelloMethods\HelloMethods.xproj", "{9B69E0D2-FBD5-4FB4-9D40-768AE4F57300}"
EndProject
Project("{8BB2217D-0F2D-49D1-97BC-3654ED321F3B}") = "Gradebook", "Gradebook\Gradebook.xproj", "{9E08496B-2501-4CBF-844F-8FD7BA97F4E6}"
EndProject
Project("{8BB2217D-0F2D-49D1-97BC-3654ED321F3B}") = "GradebookDict", "GradebookDict\GradebookDict.xproj", "{EFCB1B91-2E92-478F-BFF7-013FF6911DCC}"
EndProject
Project("{8BB2217D-0F2D-49D1-97BC-3654ED321F3B}") = "GradebookArray", "GradebookArray\GradebookArray.xproj", "{89051A0E-8D18-48C3-B4E6-D05F62D252CE}"
EndProject
Project("{FAE04EC0-301F-11D3-BF4B-00C04F79EFBC}") = "HelloWorld", "HelloWorld\HelloWorld.csproj", "{B108DA44-9BB1-4C3C-B13E-59438B7E11E0}"
EndProject
Project("{FAE04EC0-301F-11D3-BF4B-00C04F79EFBC}") = "AreaRectangleCalc", "AreaRectangleCalc\AreaRectangleCalc.csproj", "{6728AD03-343F-4E42-960C-E945B6468132}"
EndProject
Project("{FAE04EC0-301F-11D3-BF4B-00C04F79EFBC}") = "MpgCalc", "ConsoleApplication1\MpgCalc.csproj", "{FA171972-2E3E-48D2-9337-DF2A17392A0B}"
EndProject
Project("{FAE04EC0-301F-11D3-BF4B-00C04F79EFBC}") = "Alice", "ConsoleApplication2\Alice.csproj", "{46A3A057-BED4-4FE7-82CE-8DD648B7AC16}"
EndProject
Project("{FAE04EC0-301F-11D3-BF4B-00C04F79EFBC}") = "Gradebookdemo", "ConsoleApplication3\Gradebookdemo.csproj", "{29EC8894-4A15-481F-BF14-482C6CB59A32}"
EndProject
Project("{FAE04EC0-301F-11D3-BF4B-00C04F79EFBC}") = "WorkingWithStrings", "WorkingWithStrings\WorkingWithStrings.csproj", "{AEDDFE57-4342-4F0D-970A-970D54DA256C}"
EndProject
Project("{FAE04EC0-301F-11D3-BF4B-00C04F79EFBC}") = "Lists", "Lists\Lists.csproj", "{23E7AB35-A450-4672-A11E-59CA98CBD5C6}"
EndProject
Project("{FAE04EC0-301F-11D3-BF4B-00C04F79EFBC}") = "ListAndStrings", "ListAndStrings\ListAndStrings.csproj", "{A84252D1-0711-46DA-8F1E-BA141C513293}"
EndProject
Project("{FAE04EC0-301F-11D3-BF4B-00C04F79EFBC}") = "Arrays", "Arrays\Arrays.csproj", "{04B9A617-27E2-4EBF-B702-109C01F69FF0}"
EndProject
Project("{FAE04EC0-301F-11D3-BF4B-00C04F79EFBC}") = "IdDictionaryTest", "IdDictionaryTest\IdDictionaryTest.csproj", "{75B174E3-C361-4D79-9FA1-15AF334E4FC1}"
EndProject
Global
	GlobalSection(SolutionConfigurationPlatforms) = preSolution
		Debug|Any CPU = Debug|Any CPU
		Release|Any CPU = Release|Any CPU
	EndGlobalSection
	GlobalSection(ProjectConfigurationPlatforms) = postSolution
		{B3E76AAA-3BE8-49C7-A831-64EF68C6F28D}.Debug|Any CPU.ActiveCfg = Debug|Any CPU
		{B3E76AAA-3BE8-49C7-A831-64EF68C6F28D}.Debug|Any CPU.Build.0 = Debug|Any CPU
		{B3E76AAA-3BE8-49C7-A831-64EF68C6F28D}.Release|Any CPU.ActiveCfg = Release|Any CPU
		{B3E76AAA-3BE8-49C7-A831-64EF68C6F28D}.Release|Any CPU.Build.0 = Release|Any CPU
		{C7008ACC-EE4B-49CC-B7FB-5F9F95E257A9}.Debug|Any CPU.ActiveCfg = Debug|Any CPU
		{C7008ACC-EE4B-49CC-B7FB-5F9F95E257A9}.Debug|Any CPU.Build.0 = Debug|Any CPU
		{C7008ACC-EE4B-49CC-B7FB-5F9F95E257A9}.Release|Any CPU.ActiveCfg = Release|Any CPU
		{C7008ACC-EE4B-49CC-B7FB-5F9F95E257A9}.Release|Any CPU.Build.0 = Release|Any CPU
		{6D18F93D-E26F-4FF4-ABF2-1450FD9FB19D}.Debug|Any CPU.ActiveCfg = Debug|Any CPU
		{6D18F93D-E26F-4FF4-ABF2-1450FD9FB19D}.Debug|Any CPU.Build.0 = Debug|Any CPU
		{6D18F93D-E26F-4FF4-ABF2-1450FD9FB19D}.Release|Any CPU.ActiveCfg = Release|Any CPU
		{6D18F93D-E26F-4FF4-ABF2-1450FD9FB19D}.Release|Any CPU.Build.0 = Release|Any CPU
		{9B69E0D2-FBD5-4FB4-9D40-768AE4F57300}.Debug|Any CPU.ActiveCfg = Debug|Any CPU
		{9B69E0D2-FBD5-4FB4-9D40-768AE4F57300}.Debug|Any CPU.Build.0 = Debug|Any CPU
		{9B69E0D2-FBD5-4FB4-9D40-768AE4F57300}.Release|Any CPU.ActiveCfg = Release|Any CPU
		{9B69E0D2-FBD5-4FB4-9D40-768AE4F57300}.Release|Any CPU.Build.0 = Release|Any CPU
		{9E08496B-2501-4CBF-844F-8FD7BA97F4E6}.Debug|Any CPU.ActiveCfg = Debug|Any CPU
		{9E08496B-2501-4CBF-844F-8FD7BA97F4E6}.Debug|Any CPU.Build.0 = Debug|Any CPU
		{9E08496B-2501-4CBF-844F-8FD7BA97F4E6}.Release|Any CPU.ActiveCfg = Release|Any CPU
		{9E08496B-2501-4CBF-844F-8FD7BA97F4E6}.Release|Any CPU.Build.0 = Release|Any CPU
		{EFCB1B91-2E92-478F-BFF7-013FF6911DCC}.Debug|Any CPU.ActiveCfg = Debug|Any CPU
		{EFCB1B91-2E92-478F-BFF7-013FF6911DCC}.Debug|Any CPU.Build.0 = Debug|Any CPU
		{EFCB1B91-2E92-478F-BFF7-013FF6911DCC}.Release|Any CPU.ActiveCfg = Release|Any CPU
		{EFCB1B91-2E92-478F-BFF7-013FF6911DCC}.Release|Any CPU.Build.0 = Release|Any CPU
		{89051A0E-8D18-48C3-B4E6-D05F62D252CE}.Debug|Any CPU.ActiveCfg = Debug|Any CPU
		{89051A0E-8D18-48C3-B4E6-D05F62D252CE}.Debug|Any CPU.Build.0 = Debug|Any CPU
		{89051A0E-8D18-48C3-B4E6-D05F62D252CE}.Release|Any CPU.ActiveCfg = Release|Any CPU
		{89051A0E-8D18-48C3-B4E6-D05F62D252CE}.Release|Any CPU.Build.0 = Release|Any CPU
		{B108DA44-9BB1-4C3C-B13E-59438B7E11E0}.Debug|Any CPU.ActiveCfg = Debug|Any CPU
		{B108DA44-9BB1-4C3C-B13E-59438B7E11E0}.Debug|Any CPU.Build.0 = Debug|Any CPU
		{B108DA44-9BB1-4C3C-B13E-59438B7E11E0}.Release|Any CPU.ActiveCfg = Release|Any CPU
		{B108DA44-9BB1-4C3C-B13E-59438B7E11E0}.Release|Any CPU.Build.0 = Release|Any CPU
		{6728AD03-343F-4E42-960C-E945B6468132}.Debug|Any CPU.ActiveCfg = Debug|Any CPU
		{6728AD03-343F-4E42-960C-E945B6468132}.Debug|Any CPU.Build.0 = Debug|Any CPU
		{6728AD03-343F-4E42-960C-E945B6468132}.Release|Any CPU.ActiveCfg = Release|Any CPU
		{6728AD03-343F-4E42-960C-E945B6468132}.Release|Any CPU.Build.0 = Release|Any CPU
		{FA171972-2E3E-48D2-9337-DF2A17392A0B}.Debug|Any CPU.ActiveCfg = Debug|Any CPU
		{FA171972-2E3E-48D2-9337-DF2A17392A0B}.Debug|Any CPU.Build.0 = Debug|Any CPU
		{FA171972-2E3E-48D2-9337-DF2A17392A0B}.Release|Any CPU.ActiveCfg = Release|Any CPU
		{FA171972-2E3E-48D2-9337-DF2A17392A0B}.Release|Any CPU.Build.0 = Release|Any CPU
		{46A3A057-BED4-4FE7-82CE-8DD648B7AC16}.Debug|Any CPU.ActiveCfg = Debug|Any CPU
		{46A3A057-BED4-4FE7-82CE-8DD648B7AC16}.Debug|Any CPU.Build.0 = Debug|Any CPU
		{46A3A057-BED4-4FE7-82CE-8DD648B7AC16}.Release|Any CPU.ActiveCfg = Release|Any CPU
		{46A3A057-BED4-4FE7-82CE-8DD648B7AC16}.Release|Any CPU.Build.0 = Release|Any CPU
		{29EC8894-4A15-481F-BF14-482C6CB59A32}.Debug|Any CPU.ActiveCfg = Debug|Any CPU
		{29EC8894-4A15-481F-BF14-482C6CB59A32}.Debug|Any CPU.Build.0 = Debug|Any CPU
		{29EC8894-4A15-481F-BF14-482C6CB59A32}.Release|Any CPU.ActiveCfg = Release|Any CPU
		{29EC8894-4A15-481F-BF14-482C6CB59A32}.Release|Any CPU.Build.0 = Release|Any CPU
		{AEDDFE57-4342-4F0D-970A-970D54DA256C}.Debug|Any CPU.ActiveCfg = Debug|Any CPU
		{AEDDFE57-4342-4F0D-970A-970D54DA256C}.Debug|Any CPU.Build.0 = Debug|Any CPU
		{AEDDFE57-4342-4F0D-970A-970D54DA256C}.Release|Any CPU.ActiveCfg = Release|Any CPU
		{AEDDFE57-4342-4F0D-970A-970D54DA256C}.Release|Any CPU.Build.0 = Release|Any CPU
		{23E7AB35-A450-4672-A11E-59CA98CBD5C6}.Debug|Any CPU.ActiveCfg = Debug|Any CPU
		{23E7AB35-A450-4672-A11E-59CA98CBD5C6}.Debug|Any CPU.Build.0 = Debug|Any CPU
		{23E7AB35-A450-4672-A11E-59CA98CBD5C6}.Release|Any CPU.ActiveCfg = Release|Any CPU
		{23E7AB35-A450-4672-A11E-59CA98CBD5C6}.Release|Any CPU.Build.0 = Release|Any CPU
		{A84252D1-0711-46DA-8F1E-BA141C513293}.Debug|Any CPU.ActiveCfg = Debug|Any CPU
		{A84252D1-0711-46DA-8F1E-BA141C513293}.Debug|Any CPU.Build.0 = Debug|Any CPU
		{A84252D1-0711-46DA-8F1E-BA141C513293}.Release|Any CPU.ActiveCfg = Release|Any CPU
		{A84252D1-0711-46DA-8F1E-BA141C513293}.Release|Any CPU.Build.0 = Release|Any CPU
		{04B9A617-27E2-4EBF-B702-109C01F69FF0}.Debug|Any CPU.ActiveCfg = Debug|Any CPU
		{04B9A617-27E2-4EBF-B702-109C01F69FF0}.Debug|Any CPU.Build.0 = Debug|Any CPU
		{04B9A617-27E2-4EBF-B702-109C01F69FF0}.Release|Any CPU.ActiveCfg = Release|Any CPU
		{04B9A617-27E2-4EBF-B702-109C01F69FF0}.Release|Any CPU.Build.0 = Release|Any CPU
		{75B174E3-C361-4D79-9FA1-15AF334E4FC1}.Debug|Any CPU.ActiveCfg = Debug|Any CPU
		{75B174E3-C361-4D79-9FA1-15AF334E4FC1}.Debug|Any CPU.Build.0 = Debug|Any CPU
		{75B174E3-C361-4D79-9FA1-15AF334E4FC1}.Release|Any CPU.ActiveCfg = Release|Any CPU
		{75B174E3-C361-4D79-9FA1-15AF334E4FC1}.Release|Any CPU.Build.0 = Release|Any CPU
	EndGlobalSection
	GlobalSection(SolutionProperties) = preSolution
		HideSolutionNode = FALSE
	EndGlobalSection
EndGlobal
